<?xml version="1.0" encoding="utf-8"?>
<Project ToolsVersion="4.0" xmlns="http://schemas.microsoft.com/developer/msbuild/2003">
  <ItemGroup>
    <Filter Include="Source Files">
      <UniqueIdentifier>{4FC737F1-C7A5-4376-A066-2A32D752A2FF}</UniqueIdentifier>
      <Extensions>cpp;c;cc;cxx;c++;cppm;ixx;def;odl;idl;hpj;bat;asm;asmx</Extensions>
    </Filter>
    <Filter Include="Header Files">
      <UniqueIdentifier>{93995380-89BD-4b04-88EB-625FBE52EBFB}</UniqueIdentifier>
      <Extensions>h;hh;hpp;hxx;h++;hm;inl;inc;ipp;xsd</Extensions>
    </Filter>
    <Filter Include="Resource Files">
      <UniqueIdentifier>{67DA6AB6-F800-4c08-8B7A-83BB121AAD01}</UniqueIdentifier>
      <Extensions>rc;ico;cur;bmp;dlg;rc2;rct;bin;rgs;gif;jpg;jpeg;jpe;resx;tiff;tif;png;wav;mfcribbon-ms</Extensions>
    </Filter>
    <Filter Include="Framework">
      <UniqueIdentifier>{6d0256f6-c07e-4771-8b08-7165a3ee830f}</UniqueIdentifier>
    </Filter>
    <Filter Include="Objects">
      <UniqueIdentifier>{5e0d8b88-aab2-4c13-8201-8246256ce4d1}</UniqueIdentifier>
    </Filter>
    <Filter Include="Objects\Enemy">
      <UniqueIdentifier>{b73a5816-93e2-42de-80d7-af9a8c0e9caa}</UniqueIdentifier>
    </Filter>
    <Filter Include="Objects\Brick">
      <UniqueIdentifier>{721433f6-e714-4e47-bb71-4dba543e7d8d}</UniqueIdentifier>
    </Filter>
    <Filter Include="Objects\Item">
      <UniqueIdentifier>{56ca6e67-ae05-4864-805d-acaa92410c2b}</UniqueIdentifier>
    </Filter>
    <Filter Include="Objects\Player">
      <UniqueIdentifier>{505501f4-befa-4e36-898b-4f4dbc116948}</UniqueIdentifier>
    </Filter>
    <Filter Include="HUD">
      <UniqueIdentifier>{aa3aa857-3611-4ae8-acd0-845f8176e3ce}</UniqueIdentifier>
    </Filter>
    <Filter Include="Framework\SceneManager">
      <UniqueIdentifier>{eb7fe5d7-e3eb-4c71-8302-2f83b95a1077}</UniqueIdentifier>
    </Filter>
  </ItemGroup>
  <ItemGroup>
    <ClCompile Include="Sprites.cpp">
      <Filter>Framework</Filter>
    </ClCompile>
    <ClCompile Include="Textures.cpp">
      <Filter>Framework</Filter>
    </ClCompile>
    <ClCompile Include="GameObject.cpp">
      <Filter>Objects</Filter>
    </ClCompile>
    <ClCompile Include="Animations.cpp">
      <Filter>Framework</Filter>
    </ClCompile>
    <ClCompile Include="KeyEventHandler.cpp">
      <Filter>Framework</Filter>
    </ClCompile>
    <ClCompile Include="Utils.cpp">
      <Filter>Framework</Filter>
    </ClCompile>
    <ClCompile Include="Camera.cpp">
      <Filter>Framework</Filter>
    </ClCompile>
    <ClCompile Include="Game.cpp">
      <Filter>Framework</Filter>
    </ClCompile>
    <ClCompile Include="Koopas.cpp">
      <Filter>Objects\Enemy</Filter>
    </ClCompile>
    <ClCompile Include="Goomba.cpp">
      <Filter>Objects\Enemy</Filter>
    </ClCompile>
    <ClCompile Include="Venus.cpp">
      <Filter>Objects\Enemy</Filter>
    </ClCompile>
    <ClCompile Include="Brick.cpp">
      <Filter>Objects\Brick</Filter>
    </ClCompile>
    <ClCompile Include="Coin.cpp">
      <Filter>Objects\Item</Filter>
    </ClCompile>
    <ClCompile Include="Leaf.cpp">
      <Filter>Objects\Item</Filter>
    </ClCompile>
    <ClCompile Include="BrickColor.cpp">
      <Filter>Objects\Brick</Filter>
    </ClCompile>
    <ClCompile Include="BrickGold.cpp">
      <Filter>Objects\Brick</Filter>
    </ClCompile>
    <ClCompile Include="BrickQuesion.cpp">
      <Filter>Objects\Brick</Filter>
    </ClCompile>
    <ClCompile Include="Mushroom.cpp">
      <Filter>Objects\Item</Filter>
    </ClCompile>
    <ClCompile Include="HidenWall.cpp">
      <Filter>Objects\Brick</Filter>
    </ClCompile>
    <ClCompile Include="Star.cpp">
      <Filter>Objects\Item</Filter>
    </ClCompile>
    <ClCompile Include="FireBall.cpp">
      <Filter>Objects\Item</Filter>
    </ClCompile>
    <ClCompile Include="ParaGoomba.cpp">
      <Filter>Objects\Enemy</Filter>
    </ClCompile>
    <ClCompile Include="mario.cpp">
      <Filter>Objects\Player</Filter>
    </ClCompile>
    <ClCompile Include="Fire.cpp">
      <Filter>Objects\Enemy</Filter>
    </ClCompile>
    <ClCompile Include="main.cpp">
      <Filter>Source Files</Filter>
    </ClCompile>
    <ClCompile Include="Portal.cpp">
      <Filter>Objects</Filter>
    </ClCompile>
    <ClCompile Include="HUD.cpp">
      <Filter>HUD</Filter>
    </ClCompile>
    <ClCompile Include="Event.cpp">
      <Filter>HUD</Filter>
    </ClCompile>
    <ClCompile Include="IntroScene.cpp">
      <Filter>Framework\SceneManager</Filter>
    </ClCompile>
    <ClCompile Include="PlayScene.cpp">
      <Filter>Framework\SceneManager</Filter>
    </ClCompile>
    <ClCompile Include="Scene.cpp">
      <Filter>Framework\SceneManager</Filter>
    </ClCompile>
  </ItemGroup>
  <ItemGroup>
    <ClInclude Include="Sprites.h">
      <Filter>Framework</Filter>
    </ClInclude>
    <ClInclude Include="Textures.h">
      <Filter>Framework</Filter>
    </ClInclude>
    <ClInclude Include="GameObject.h">
      <Filter>Objects</Filter>
    </ClInclude>
    <ClInclude Include="Animations.h">
      <Filter>Framework</Filter>
    </ClInclude>
    <ClInclude Include="KeyEventHandler.h">
      <Filter>Framework</Filter>
    </ClInclude>
    <ClInclude Include="Utils.h">
      <Filter>Framework</Filter>
    </ClInclude>
    <ClInclude Include="Camera.h">
      <Filter>Framework</Filter>
    </ClInclude>
    <ClInclude Include="Game.h">
      <Filter>Framework</Filter>
    </ClInclude>
    <ClInclude Include="Koopas.h">
      <Filter>Objects\Enemy</Filter>
    </ClInclude>
    <ClInclude Include="Goomba.h">
      <Filter>Objects\Enemy</Filter>
    </ClInclude>
    <ClInclude Include="Venus.h">
      <Filter>Objects\Enemy</Filter>
    </ClInclude>
    <ClInclude Include="Brick.h">
      <Filter>Objects\Brick</Filter>
    </ClInclude>
    <ClInclude Include="Leaf.h">
      <Filter>Objects\Item</Filter>
    </ClInclude>
    <ClInclude Include="Coin.h">
      <Filter>Objects\Item</Filter>
    </ClInclude>
    <ClInclude Include="BrickColor.h">
      <Filter>Objects\Brick</Filter>
    </ClInclude>
    <ClInclude Include="BrickGold.h">
      <Filter>Objects\Brick</Filter>
    </ClInclude>
    <ClInclude Include="BrickQuesion.h">
      <Filter>Objects\Brick</Filter>
    </ClInclude>
    <ClInclude Include="Mushroom.h">
      <Filter>Objects\Item</Filter>
    </ClInclude>
    <ClInclude Include="HidenWall.h">
      <Filter>Objects\Brick</Filter>
    </ClInclude>
    <ClInclude Include="Star.h">
      <Filter>Objects\Item</Filter>
    </ClInclude>
    <ClInclude Include="FireBall.h">
      <Filter>Objects\Item</Filter>
    </ClInclude>
    <ClInclude Include="ParaGoomba.h">
      <Filter>Objects\Enemy</Filter>
    </ClInclude>
    <ClInclude Include="mario.h">
      <Filter>Objects\Player</Filter>
    </ClInclude>
    <ClInclude Include="Fire.h">
      <Filter>Objects\Enemy</Filter>
    </ClInclude>
    <ClInclude Include="Portal.h">
      <Filter>Objects</Filter>
    </ClInclude>
    <ClInclude Include="HUD.h">
      <Filter>HUD</Filter>
    </ClInclude>
    <ClInclude Include="Event.h">
      <Filter>HUD</Filter>
    </ClInclude>
    <ClInclude Include="IntroScene.h">
      <Filter>Framework\SceneManager</Filter>
    </ClInclude>
    <ClInclude Include="PlayScene.h">
      <Filter>Framework\SceneManager</Filter>
    </ClInclude>
    <ClInclude Include="Scene.h">
      <Filter>Framework\SceneManager</Filter>
    </ClInclude>
  </ItemGroup>
</Project>